// !$*UTF8*$!
{
	archiveVersion = 1;
	classes = {
	};
	objectVersion = 56;
	objects = {

/* Begin PBXBuildFile section */
		337BC7E72D27954D006B60C5 /* Chain_Loop_ReduxApp.swift in Sources */ = {isa = PBXBuildFile; fileRef = 337BC7E62D27954D006B60C5 /* Chain_Loop_ReduxApp.swift */; };
		337BC7E92D27954D006B60C5 /* ContentView.swift in Sources */ = {isa = PBXBuildFile; fileRef = 337BC7E82D27954D006B60C5 /* ContentView.swift */; };
		337BC7EB2D279551006B60C5 /* Assets.xcassets in Resources */ = {isa = PBXBuildFile; fileRef = 337BC7EA2D279551006B60C5 /* Assets.xcassets */; };
		337BC7EE2D279551006B60C5 /* Preview Assets.xcassets in Resources */ = {isa = PBXBuildFile; fileRef = 337BC7ED2D279551006B60C5 /* Preview Assets.xcassets */; };
		337BC7F82D279552006B60C5 /* Chain_Loop_ReduxTests.swift in Sources */ = {isa = PBXBuildFile; fileRef = 337BC7F72D279552006B60C5 /* Chain_Loop_ReduxTests.swift */; };
		337BC8022D279552006B60C5 /* Chain_Loop_ReduxUITests.swift in Sources */ = {isa = PBXBuildFile; fileRef = 337BC8012D279552006B60C5 /* Chain_Loop_ReduxUITests.swift */; };
		337BC8042D279552006B60C5 /* Chain_Loop_ReduxUITestsLaunchTests.swift in Sources */ = {isa = PBXBuildFile; fileRef = 337BC8032D279552006B60C5 /* Chain_Loop_ReduxUITestsLaunchTests.swift */; };
/* End PBXBuildFile section */

/* Begin PBXContainerItemProxy section */
		337BC7F42D279552006B60C5 /* PBXContainerItemProxy */ = {
			isa = PBXContainerItemProxy;
			containerPortal = 337BC7DB2D27954D006B60C5 /* Project object */;
			proxyType = 1;
			remoteGlobalIDString = 337BC7E22D27954D006B60C5;
			remoteInfo = "Chain-Loop-Redux";
		};
		337BC7FE2D279552006B60C5 /* PBXContainerItemProxy */ = {
			isa = PBXContainerItemProxy;
			containerPortal = 337BC7DB2D27954D006B60C5 /* Project object */;
			proxyType = 1;
			remoteGlobalIDString = 337BC7E22D27954D006B60C5;
			remoteInfo = "Chain-Loop-Redux";
		};
/* End PBXContainerItemProxy section */

/* Begin PBXFileReference section */
		337BC7E32D27954D006B60C5 /* Chain-Loop-Redux.app */ = {isa = PBXFileReference; explicitFileType = wrapper.application; includeInIndex = 0; path = "Chain-Loop-Redux.app"; sourceTree = BUILT_PRODUCTS_DIR; };
		337BC7E62D27954D006B60C5 /* Chain_Loop_ReduxApp.swift */ = {isa = PBXFileReference; lastKnownFileType = sourcecode.swift; path = Chain_Loop_ReduxApp.swift; sourceTree = "<group>"; };
		337BC7E82D27954D006B60C5 /* ContentView.swift */ = {isa = PBXFileReference; lastKnownFileType = sourcecode.swift; path = ContentView.swift; sourceTree = "<group>"; };
		337BC7EA2D279551006B60C5 /* Assets.xcassets */ = {isa = PBXFileReference; lastKnownFileType = folder.assetcatalog; path = Assets.xcassets; sourceTree = "<group>"; };
		337BC7ED2D279551006B60C5 /* Preview Assets.xcassets */ = {isa = PBXFileReference; lastKnownFileType = folder.assetcatalog; path = "Preview Assets.xcassets"; sourceTree = "<group>"; };
		337BC7F32D279552006B60C5 /* Chain-Loop-ReduxTests.xctest */ = {isa = PBXFileReference; explicitFileType = wrapper.cfbundle; includeInIndex = 0; path = "Chain-Loop-ReduxTests.xctest"; sourceTree = BUILT_PRODUCTS_DIR; };
		337BC7F72D279552006B60C5 /* Chain_Loop_ReduxTests.swift */ = {isa = PBXFileReference; lastKnownFileType = sourcecode.swift; path = Chain_Loop_ReduxTests.swift; sourceTree = "<group>"; };
		337BC7FD2D279552006B60C5 /* Chain-Loop-ReduxUITests.xctest */ = {isa = PBXFileReference; explicitFileType = wrapper.cfbundle; includeInIndex = 0; path = "Chain-Loop-ReduxUITests.xctest"; sourceTree = BUILT_PRODUCTS_DIR; };
		337BC8012D279552006B60C5 /* Chain_Loop_ReduxUITests.swift */ = {isa = PBXFileReference; lastKnownFileType = sourcecode.swift; path = Chain_Loop_ReduxUITests.swift; sourceTree = "<group>"; };
		337BC8032D279552006B60C5 /* Chain_Loop_ReduxUITestsLaunchTests.swift */ = {isa = PBXFileReference; lastKnownFileType = sourcecode.swift; path = Chain_Loop_ReduxUITestsLaunchTests.swift; sourceTree = "<group>"; };
/* End PBXFileReference section */

/* Begin PBXFrameworksBuildPhase section */
		337BC7E02D27954D006B60C5 /* Frameworks */ = {
			isa = PBXFrameworksBuildPhase;
			buildActionMask = 2147483647;
			files = (
			);
			runOnlyForDeploymentPostprocessing = 0;
		};
		337BC7F02D279552006B60C5 /* Frameworks */ = {
			isa = PBXFrameworksBuildPhase;
			buildActionMask = 2147483647;
			files = (
			);
			runOnlyForDeploymentPostprocessing = 0;
		};
		337BC7FA2D279552006B60C5 /* Frameworks */ = {
			isa = PBXFrameworksBuildPhase;
			buildActionMask = 2147483647;
			files = (
			);
			runOnlyForDeploymentPostprocessing = 0;
		};
/* End PBXFrameworksBuildPhase section */

/* Begin PBXGroup section */
		337BC7DA2D27954D006B60C5 = {
			isa = PBXGroup;
			children = (
				337BC7E52D27954D006B60C5 /* Chain-Loop-Redux */,
				337BC7F62D279552006B60C5 /* Chain-Loop-ReduxTests */,
				337BC8002D279552006B60C5 /* Chain-Loop-ReduxUITests */,
				337BC7E42D27954D006B60C5 /* Products */,
			);
			sourceTree = "<group>";
		};
		337BC7E42D27954D006B60C5 /* Products */ = {
			isa = PBXGroup;
			children = (
				337BC7E32D27954D006B60C5 /* Chain-Loop-Redux.app */,
				337BC7F32D279552006B60C5 /* Chain-Loop-ReduxTests.xctest */,
				337BC7FD2D279552006B60C5 /* Chain-Loop-ReduxUITests.xctest */,
			);
			name = Products;
			sourceTree = "<group>";
		};
		337BC7E52D27954D006B60C5 /* Chain-Loop-Redux */ = {
			isa = PBXGroup;
			children = (
				337BC7E62D27954D006B60C5 /* Chain_Loop_ReduxApp.swift */,
				337BC7E82D27954D006B60C5 /* ContentView.swift */,
				337BC7EA2D279551006B60C5 /* Assets.xcassets */,
				337BC7EC2D279551006B60C5 /* Preview Content */,
			);
			path = "Chain-Loop-Redux";
			sourceTree = "<group>";
		};
		337BC7EC2D279551006B60C5 /* Preview Content */ = {
			isa = PBXGroup;
			children = (
				337BC7ED2D279551006B60C5 /* Preview Assets.xcassets */,
			);
			path = "Preview Content";
			sourceTree = "<group>";
		};
		337BC7F62D279552006B60C5 /* Chain-Loop-ReduxTests */ = {
			isa = PBXGroup;
			children = (
				337BC7F72D279552006B60C5 /* Chain_Loop_ReduxTests.swift */,
			);
			path = "Chain-Loop-ReduxTests";
			sourceTree = "<group>";
		};
		337BC8002D279552006B60C5 /* Chain-Loop-ReduxUITests */ = {
			isa = PBXGroup;
			children = (
				337BC8012D279552006B60C5 /* Chain_Loop_ReduxUITests.swift */,
				337BC8032D279552006B60C5 /* Chain_Loop_ReduxUITestsLaunchTests.swift */,
			);
			path = "Chain-Loop-ReduxUITests";
			sourceTree = "<group>";
		};
/* End PBXGroup section */

/* Begin PBXNativeTarget section */
		337BC7E22D27954D006B60C5 /* Chain-Loop-Redux */ = {
			isa = PBXNativeTarget;
			buildConfigurationList = 337BC8072D279552006B60C5 /* Build configuration list for PBXNativeTarget "Chain-Loop-Redux" */;
			buildPhases = (
				337BC7DF2D27954D006B60C5 /* Sources */,
				337BC7E02D27954D006B60C5 /* Frameworks */,
				337BC7E12D27954D006B60C5 /* Resources */,
			);
			buildRules = (
			);
			dependencies = (
			);
			name = "Chain-Loop-Redux";
			productName = "Chain-Loop-Redux";
			productReference = 337BC7E32D27954D006B60C5 /* Chain-Loop-Redux.app */;
			productType = "com.apple.product-type.application";
		};
		337BC7F22D279552006B60C5 /* Chain-Loop-ReduxTests */ = {
			isa = PBXNativeTarget;
			buildConfigurationList = 337BC80A2D279552006B60C5 /* Build configuration list for PBXNativeTarget "Chain-Loop-ReduxTests" */;
			buildPhases = (
				337BC7EF2D279552006B60C5 /* Sources */,
				337BC7F02D279552006B60C5 /* Frameworks */,
				337BC7F12D279552006B60C5 /* Resources */,
			);
			buildRules = (
			);
			dependencies = (
				337BC7F52D279552006B60C5 /* PBXTargetDependency */,
			);
			name = "Chain-Loop-ReduxTests";
			productName = "Chain-Loop-ReduxTests";
			productReference = 337BC7F32D279552006B60C5 /* Chain-Loop-ReduxTests.xctest */;
			productType = "com.apple.product-type.bundle.unit-test";
		};
		337BC7FC2D279552006B60C5 /* Chain-Loop-ReduxUITests */ = {
			isa = PBXNativeTarget;
			buildConfigurationList = 337BC80D2D279552006B60C5 /* Build configuration list for PBXNativeTarget "Chain-Loop-ReduxUITests" */;
			buildPhases = (
				337BC7F92D279552006B60C5 /* Sources */,
				337BC7FA2D279552006B60C5 /* Frameworks */,
				337BC7FB2D279552006B60C5 /* Resources */,
			);
			buildRules = (
			);
			dependencies = (
				337BC7FF2D279552006B60C5 /* PBXTargetDependency */,
			);
			name = "Chain-Loop-ReduxUITests";
			productName = "Chain-Loop-ReduxUITests";
			productReference = 337BC7FD2D279552006B60C5 /* Chain-Loop-ReduxUITests.xctest */;
			productType = "com.apple.product-type.bundle.ui-testing";
		};
/* End PBXNativeTarget section */

/* Begin PBXProject section */
		337BC7DB2D27954D006B60C5 /* Project object */ = {
			isa = PBXProject;
			attributes = {
				BuildIndependentTargetsInParallel = 1;
				LastSwiftUpdateCheck = 1420;
				LastUpgradeCheck = 1420;
				TargetAttributes = {
					337BC7E22D27954D006B60C5 = {
						CreatedOnToolsVersion = 14.2;
					};
					337BC7F22D279552006B60C5 = {
						CreatedOnToolsVersion = 14.2;
						TestTargetID = 337BC7E22D27954D006B60C5;
					};
					337BC7FC2D279552006B60C5 = {
						CreatedOnToolsVersion = 14.2;
						TestTargetID = 337BC7E22D27954D006B60C5;
					};
				};
			};
			buildConfigurationList = 337BC7DE2D27954D006B60C5 /* Build configuration list for PBXProject "Chain-Loop-Redux" */;
			compatibilityVersion = "Xcode 14.0";
			developmentRegion = en;
			hasScannedForEncodings = 0;
			knownRegions = (
				en,
				Base,
			);
			mainGroup = 337BC7DA2D27954D006B60C5;
			productRefGroup = 337BC7E42D27954D006B60C5 /* Products */;
			projectDirPath = "";
			projectRoot = "";
			targets = (
				337BC7E22D27954D006B60C5 /* Chain-Loop-Redux */,
				337BC7F22D279552006B60C5 /* Chain-Loop-ReduxTests */,
				337BC7FC2D279552006B60C5 /* Chain-Loop-ReduxUITests */,
			);
		};
/* End PBXProject section */

/* Begin PBXResourcesBuildPhase section */
		337BC7E12D27954D006B60C5 /* Resources */ = {
			isa = PBXResourcesBuildPhase;
			buildActionMask = 2147483647;
			files = (
				337BC7EE2D279551006B60C5 /* Preview Assets.xcassets in Resources */,
				337BC7EB2D279551006B60C5 /* Assets.xcassets in Resources */,
			);
			runOnlyForDeploymentPostprocessing = 0;
		};
		337BC7F12D279552006B60C5 /* Resources */ = {
			isa = PBXResourcesBuildPhase;
			buildActionMask = 2147483647;
			files = (
			);
			runOnlyForDeploymentPostprocessing = 0;
		};
		337BC7FB2D279552006B60C5 /* Resources */ = {
			isa = PBXResourcesBuildPhase;
			buildActionMask = 2147483647;
			files = (
			);
			runOnlyForDeploymentPostprocessing = 0;
		};
/* End PBXResourcesBuildPhase section */

/* Begin PBXSourcesBuildPhase section */
		337BC7DF2D27954D006B60C5 /* Sources */ = {
			isa = PBXSourcesBuildPhase;
			buildActionMask = 2147483647;
			files = (
				337BC7E92D27954D006B60C5 /* ContentView.swift in Sources */,
				337BC7E72D27954D006B60C5 /* Chain_Loop_ReduxApp.swift in Sources */,
			);
			runOnlyForDeploymentPostprocessing = 0;
		};
		337BC7EF2D279552006B60C5 /* Sources */ = {
			isa = PBXSourcesBuildPhase;
			buildActionMask = 2147483647;
			files = (
				337BC7F82D279552006B60C5 /* Chain_Loop_ReduxTests.swift in Sources */,
			);
			runOnlyForDeploymentPostprocessing = 0;
		};
		337BC7F92D279552006B60C5 /* Sources */ = {
			isa = PBXSourcesBuildPhase;
			buildActionMask = 2147483647;
			files = (
				337BC8022D279552006B60C5 /* Chain_Loop_ReduxUITests.swift in Sources */,
				337BC8042D279552006B60C5 /* Chain_Loop_ReduxUITestsLaunchTests.swift in Sources */,
			);
			runOnlyForDeploymentPostprocessing = 0;
		};
/* End PBXSourcesBuildPhase section */

/* Begin PBXTargetDependency section */
		337BC7F52D279552006B60C5 /* PBXTargetDependency */ = {
			isa = PBXTargetDependency;
			target = 337BC7E22D27954D006B60C5 /* Chain-Loop-Redux */;
			targetProxy = 337BC7F42D279552006B60C5 /* PBXContainerItemProxy */;
		};
		337BC7FF2D279552006B60C5 /* PBXTargetDependency */ = {
			isa = PBXTargetDependency;
			target = 337BC7E22D27954D006B60C5 /* Chain-Loop-Redux */;
			targetProxy = 337BC7FE2D279552006B60C5 /* PBXContainerItemProxy */;
		};
/* End PBXTargetDependency section */

/* Begin XCBuildConfiguration section */
		337BC8052D279552006B60C5 /* Debug */ = {
			isa = XCBuildConfiguration;
			buildSettings = {
				ALWAYS_SEARCH_USER_PATHS = NO;
				CLANG_ANALYZER_NONNULL = YES;
				CLANG_ANALYZER_NUMBER_OBJECT_CONVERSION = YES_AGGRESSIVE;
				CLANG_CXX_LANGUAGE_STANDARD = "gnu++20";
				CLANG_ENABLE_MODULES = YES;
				CLANG_ENABLE_OBJC_ARC = YES;
				CLANG_ENABLE_OBJC_WEAK = YES;
				CLANG_WARN_BLOCK_CAPTURE_AUTORELEASING = YES;
				CLANG_WARN_BOOL_CONVERSION = YES;
				CLANG_WARN_COMMA = YES;
				CLANG_WARN_CONSTANT_CONVERSION = YES;
				CLANG_WARN_DEPRECATED_OBJC_IMPLEMENTATIONS = YES;
				CLANG_WARN_DIRECT_OBJC_ISA_USAGE = YES_ERROR;
				CLANG_WARN_DOCUMENTATION_COMMENTS = YES;
				CLANG_WARN_EMPTY_BODY = YES;
				CLANG_WARN_ENUM_CONVERSION = YES;
				CLANG_WARN_INFINITE_RECURSION = YES;
				CLANG_WARN_INT_CONVERSION = YES;
				CLANG_WARN_NON_LITERAL_NULL_CONVERSION = YES;
				CLANG_WARN_OBJC_IMPLICIT_RETAIN_SELF = YES;
				CLANG_WARN_OBJC_LITERAL_CONVERSION = YES;
				CLANG_WARN_OBJC_ROOT_CLASS = YES_ERROR;
				CLANG_WARN_QUOTED_INCLUDE_IN_FRAMEWORK_HEADER = YES;
				CLANG_WARN_RANGE_LOOP_ANALYSIS = YES;
				CLANG_WARN_STRICT_PROTOTYPES = YES;
				CLANG_WARN_SUSPICIOUS_MOVE = YES;
				CLANG_WARN_UNGUARDED_AVAILABILITY = YES_AGGRESSIVE;
				CLANG_WARN_UNREACHABLE_CODE = YES;
				CLANG_WARN__DUPLICATE_METHOD_MATCH = YES;
				COPY_PHASE_STRIP = NO;
				DEBUG_INFORMATION_FORMAT = dwarf;
				ENABLE_STRICT_OBJC_MSGSEND = YES;
				ENABLE_TESTABILITY = YES;
				GCC_C_LANGUAGE_STANDARD = gnu11;
				GCC_DYNAMIC_NO_PIC = NO;
				GCC_NO_COMMON_BLOCKS = YES;
				GCC_OPTIMIZATION_LEVEL = 0;
				GCC_PREPROCESSOR_DEFINITIONS = (
					"DEBUG=1",
					"$(inherited)",
				);
				GCC_WARN_64_TO_32_BIT_CONVERSION = YES;
				GCC_WARN_ABOUT_RETURN_TYPE = YES_ERROR;
				GCC_WARN_UNDECLARED_SELECTOR = YES;
				GCC_WARN_UNINITIALIZED_AUTOS = YES_AGGRESSIVE;
				GCC_WARN_UNUSED_FUNCTION = YES;
				GCC_WARN_UNUSED_VARIABLE = YES;
				IPHONEOS_DEPLOYMENT_TARGET = 16.2;
				MTL_ENABLE_DEBUG_INFO = INCLUDE_SOURCE;
				MTL_FAST_MATH = YES;
				ONLY_ACTIVE_ARCH = YES;
				SDKROOT = iphoneos;
				SWIFT_ACTIVE_COMPILATION_CONDITIONS = DEBUG;
				SWIFT_OPTIMIZATION_LEVEL = "-Onone";
			};
			name = Debug;
		};
		337BC8062D279552006B60C5 /* Release */ = {
			isa = XCBuildConfiguration;
			buildSettings = {
				ALWAYS_SEARCH_USER_PATHS = NO;
				CLANG_ANALYZER_NONNULL = YES;
				CLANG_ANALYZER_NUMBER_OBJECT_CONVERSION = YES_AGGRESSIVE;
				CLANG_CXX_LANGUAGE_STANDARD = "gnu++20";
				CLANG_ENABLE_MODULES = YES;
				CLANG_ENABLE_OBJC_ARC = YES;
				CLANG_ENABLE_OBJC_WEAK = YES;
				CLANG_WARN_BLOCK_CAPTURE_AUTORELEASING = YES;
				CLANG_WARN_BOOL_CONVERSION = YES;
				CLANG_WARN_COMMA = YES;
				CLANG_WARN_CONSTANT_CONVERSION = YES;
				CLANG_WARN_DEPRECATED_OBJC_IMPLEMENTATIONS = YES;
				CLANG_WARN_DIRECT_OBJC_ISA_USAGE = YES_ERROR;
				CLANG_WARN_DOCUMENTATION_COMMENTS = YES;
				CLANG_WARN_EMPTY_BODY = YES;
				CLANG_WARN_ENUM_CONVERSION = YES;
				CLANG_WARN_INFINITE_RECURSION = YES;
				CLANG_WARN_INT_CONVERSION = YES;
				CLANG_WARN_NON_LITERAL_NULL_CONVERSION = YES;
				CLANG_WARN_OBJC_IMPLICIT_RETAIN_SELF = YES;
				CLANG_WARN_OBJC_LITERAL_CONVERSION = YES;
				CLANG_WARN_OBJC_ROOT_CLASS = YES_ERROR;
				CLANG_WARN_QUOTED_INCLUDE_IN_FRAMEWORK_HEADER = YES;
				CLANG_WARN_RANGE_LOOP_ANALYSIS = YES;
				CLANG_WARN_STRICT_PROTOTYPES = YES;
				CLANG_WARN_SUSPICIOUS_MOVE = YES;
				CLANG_WARN_UNGUARDED_AVAILABILITY = YES_AGGRESSIVE;
				CLANG_WARN_UNREACHABLE_CODE = YES;
				CLANG_WARN__DUPLICATE_METHOD_MATCH = YES;
				COPY_PHASE_STRIP = NO;
				DEBUG_INFORMATION_FORMAT = "dwarf-with-dsym";
				ENABLE_NS_ASSERTIONS = NO;
				ENABLE_STRICT_OBJC_MSGSEND = YES;
				GCC_C_LANGUAGE_STANDARD = gnu11;
				GCC_NO_COMMON_BLOCKS = YES;
				GCC_WARN_64_TO_32_BIT_CONVERSION = YES;
				GCC_WARN_ABOUT_RETURN_TYPE = YES_ERROR;
				GCC_WARN_UNDECLARED_SELECTOR = YES;
				GCC_WARN_UNINITIALIZED_AUTOS = YES_AGGRESSIVE;
				GCC_WARN_UNUSED_FUNCTION = YES;
				GCC_WARN_UNUSED_VARIABLE = YES;
				IPHONEOS_DEPLOYMENT_TARGET = 16.2;
				MTL_ENABLE_DEBUG_INFO = NO;
				MTL_FAST_MATH = YES;
				SDKROOT = iphoneos;
				SWIFT_COMPILATION_MODE = wholemodule;
				SWIFT_OPTIMIZATION_LEVEL = "-O";
				VALIDATE_PRODUCT = YES;
			};
			name = Release;
		};
		337BC8082D279552006B60C5 /* Debug */ = {
			isa = XCBuildConfiguration;
			buildSettings = {
				ASSETCATALOG_COMPILER_APPICON_NAME = AppIcon;
				ASSETCATALOG_COMPILER_GLOBAL_ACCENT_COLOR_NAME = AccentColor;
				CODE_SIGN_STYLE = Automatic;
				CURRENT_PROJECT_VERSION = 1;
				DEVELOPMENT_ASSET_PATHS = "\"Chain-Loop-Redux/Preview Content\"";
				ENABLE_PREVIEWS = YES;
				GENERATE_INFOPLIST_FILE = YES;
				INFOPLIST_KEY_UIApplicationSceneManifest_Generation = YES;
				INFOPLIST_KEY_UIApplicationSupportsIndirectInputEvents = YES;
				INFOPLIST_KEY_UILaunchScreen_Generation = YES;
				INFOPLIST_KEY_UISupportedInterfaceOrientations_iPad = "UIInterfaceOrientationPortrait UIInterfaceOrientationPortraitUpsideDown UIInterfaceOrientationLandscapeLeft UIInterfaceOrientationLandscapeRight";
				INFOPLIST_KEY_UISupportedInterfaceOrientations_iPhone = "UIInterfaceOrientationPortrait UIInterfaceOrientationLandscapeLeft UIInterfaceOrientationLandscapeRight";
				LD_RUNPATH_SEARCH_PATHS = (
					"$(inherited)",
					"@executable_path/Frameworks",
				);
				MARKETING_VERSION = 1.0;
				PRODUCT_BUNDLE_IDENTIFIER = "com.jignesh.Chain-Loop-Redux";
				PRODUCT_NAME = "$(TARGET_NAME)";
				SWIFT_EMIT_LOC_STRINGS = YES;
				SWIFT_VERSION = 5.0;
				TARGETED_DEVICE_FAMILY = "1,2";
			};
			name = Debug;
		};
		337BC8092D279552006B60C5 /* Release */ = {
			isa = XCBuildConfiguration;
			buildSettings = {
				ASSETCATALOG_COMPILER_APPICON_NAME = AppIcon;
				ASSETCATALOG_COMPILER_GLOBAL_ACCENT_COLOR_NAME = AccentColor;
				CODE_SIGN_STYLE = Automatic;
				CURRENT_PROJECT_VERSION = 1;
				DEVELOPMENT_ASSET_PATHS = "\"Chain-Loop-Redux/Preview Content\"";
				ENABLE_PREVIEWS = YES;
				GENERATE_INFOPLIST_FILE = YES;
				INFOPLIST_KEY_UIApplicationSceneManifest_Generation = YES;
				INFOPLIST_KEY_UIApplicationSupportsIndirectInputEvents = YES;
				INFOPLIST_KEY_UILaunchScreen_Generation = YES;
				INFOPLIST_KEY_UISupportedInterfaceOrientations_iPad = "UIInterfaceOrientationPortrait UIInterfaceOrientationPortraitUpsideDown UIInterfaceOrientationLandscapeLeft UIInterfaceOrientationLandscapeRight";
				INFOPLIST_KEY_UISupportedInterfaceOrientations_iPhone = "UIInterfaceOrientationPortrait UIInterfaceOrientationLandscapeLeft UIInterfaceOrientationLandscapeRight";
				LD_RUNPATH_SEARCH_PATHS = (
					"$(inherited)",
					"@executable_path/Frameworks",
				);
				MARKETING_VERSION = 1.0;
				PRODUCT_BUNDLE_IDENTIFIER = "com.jignesh.Chain-Loop-Redux";
				PRODUCT_NAME = "$(TARGET_NAME)";
				SWIFT_EMIT_LOC_STRINGS = YES;
				SWIFT_VERSION = 5.0;
				TARGETED_DEVICE_FAMILY = "1,2";
			};
			name = Release;
		};
		337BC80B2D279552006B60C5 /* Debug */ = {
			isa = XCBuildConfiguration;
			buildSettings = {
				ALWAYS_EMBED_SWIFT_STANDARD_LIBRARIES = YES;
				BUNDLE_LOADER = "$(TEST_HOST)";
				CODE_SIGN_STYLE = Automatic;
				CURRENT_PROJECT_VERSION = 1;
				GENERATE_INFOPLIST_FILE = YES;
				IPHONEOS_DEPLOYMENT_TARGET = 16.2;
				MARKETING_VERSION = 1.0;
				PRODUCT_BUNDLE_IDENTIFIER = "com.jignesh.Chain-Loop-ReduxTests";
				PRODUCT_NAME = "$(TARGET_NAME)";
				SWIFT_EMIT_LOC_STRINGS = NO;
				SWIFT_VERSION = 5.0;
				TARGETED_DEVICE_FAMILY = "1,2";
				TEST_HOST = "$(BUILT_PRODUCTS_DIR)/Chain-Loop-Redux.app/$(BUNDLE_EXECUTABLE_FOLDER_PATH)/Chain-Loop-Redux";
			};
			name = Debug;
		};
		337BC80C2D279552006B60C5 /* Release */ = {
			isa = XCBuildConfiguration;
			buildSettings = {
				ALWAYS_EMBED_SWIFT_STANDARD_LIBRARIES = YES;
				BUNDLE_LOADER = "$(TEST_HOST)";
				CODE_SIGN_STYLE = Automatic;
				CURRENT_PROJECT_VERSION = 1;
				GENERATE_INFOPLIST_FILE = YES;
				IPHONEOS_DEPLOYMENT_TARGET = 16.2;
				MARKETING_VERSION = 1.0;
				PRODUCT_BUNDLE_IDENTIFIER = "com.jignesh.Chain-Loop-ReduxTests";
				PRODUCT_NAME = "$(TARGET_NAME)";
				SWIFT_EMIT_LOC_STRINGS = NO;
				SWIFT_VERSION = 5.0;
				TARGETED_DEVICE_FAMILY = "1,2";
				TEST_HOST = "$(BUILT_PRODUCTS_DIR)/Chain-Loop-Redux.app/$(BUNDLE_EXECUTABLE_FOLDER_PATH)/Chain-Loop-Redux";
			};
			name = Release;
		};
		337BC80E2D279552006B60C5 /* Debug */ = {
			isa = XCBuildConfiguration;
			buildSettings = {
				ALWAYS_EMBED_SWIFT_STANDARD_LIBRARIES = YES;
				CODE_SIGN_STYLE = Automatic;
				CURRENT_PROJECT_VERSION = 1;
				GENERATE_INFOPLIST_FILE = YES;
				MARKETING_VERSION = 1.0;
				PRODUCT_BUNDLE_IDENTIFIER = "com.jignesh.Chain-Loop-ReduxUITests";
				PRODUCT_NAME = "$(TARGET_NAME)";
				SWIFT_EMIT_LOC_STRINGS = NO;
				SWIFT_VERSION = 5.0;
				TARGETED_DEVICE_FAMILY = "1,2";
				TEST_TARGET_NAME = "Chain-Loop-Redux";
			};
			name = Debug;
		};
		337BC80F2D279552006B60C5 /* Release */ = {
			isa = XCBuildConfiguration;
			buildSettings = {
				ALWAYS_EMBED_SWIFT_STANDARD_LIBRARIES = YES;
				CODE_SIGN_STYLE = Automatic;
				CURRENT_PROJECT_VERSION = 1;
				GENERATE_INFOPLIST_FILE = YES;
				MARKETING_VERSION = 1.0;
				PRODUCT_BUNDLE_IDENTIFIER = "com.jignesh.Chain-Loop-ReduxUITests";
				PRODUCT_NAME = "$(TARGET_NAME)";
				SWIFT_EMIT_LOC_STRINGS = NO;
				SWIFT_VERSION = 5.0;
				TARGETED_DEVICE_FAMILY = "1,2";
				TEST_TARGET_NAME = "Chain-Loop-Redux";
			};
			name = Release;
		};
/* End XCBuildConfiguration section */

/* Begin XCConfigurationList section */
		337BC7DE2D27954D006B60C5 /* Build configuration list for PBXProject "Chain-Loop-Redux" */ = {
			isa = XCConfigurationList;
			buildConfigurations = (
				337BC8052D279552006B60C5 /* Debug */,
				337BC8062D279552006B60C5 /* Release */,
			);
			defaultConfigurationIsVisible = 0;
			defaultConfigurationName = Release;
		};
		337BC8072D279552006B60C5 /* Build configuration list for PBXNativeTarget "Chain-Loop-Redux" */ = {
			isa = XCConfigurationList;
			buildConfigurations = (
				337BC8082D279552006B60C5 /* Debug */,
				337BC8092D279552006B60C5 /* Release */,
			);
			defaultConfigurationIsVisible = 0;
			defaultConfigurationName = Release;
		};
		337BC80A2D279552006B60C5 /* Build configuration list for PBXNativeTarget "Chain-Loop-ReduxTests" */ = {
			isa = XCConfigurationList;
			buildConfigurations = (
				337BC80B2D279552006B60C5 /* Debug */,
				337BC80C2D279552006B60C5 /* Release */,
			);
			defaultConfigurationIsVisible = 0;
			defaultConfigurationName = Release;
		};
		337BC80D2D279552006B60C5 /* Build configuration list for PBXNativeTarget "Chain-Loop-ReduxUITests" */ = {
			isa = XCConfigurationList;
			buildConfigurations = (
				337BC80E2D279552006B60C5 /* Debug */,
				337BC80F2D279552006B60C5 /* Release */,
			);
			defaultConfigurationIsVisible = 0;
			defaultConfigurationName = Release;
		};
/* End XCConfigurationList section */
	};
	rootObject = 337BC7DB2D27954D006B60C5 /* Project object */;
}
